
Microsoft Visual Studio Solution File, Format Version 12.00
# Visual Studio Version 16
VisualStudioVersion = 16.0.29728.190
MinimumVisualStudioVersion = 10.0.40219.1
Project("{FAE04EC0-301F-11D3-BF4B-00C04F79EFBC}") = "ShoppingCart", "ShoppingCart.csproj", "{0BCE4916-273F-4AA1-A7A3-2C50DC4F26A5}"
EndProject
Global
	GlobalSection(SolutionConfigurationPlatforms) = preSolution
		Debug|Any CPU = Debug|Any CPU
		Release|Any CPU = Release|Any CPU
	EndGlobalSection
	GlobalSection(ProjectConfigurationPlatforms) = postSolution
		{0BCE4916-273F-4AA1-A7A3-2C50DC4F26A5}.Debug|Any CPU.ActiveCfg = Debug|Any CPU
		{0BCE4916-273F-4AA1-A7A3-2C50DC4F26A5}.Debug|Any CPU.Build.0 = Debug|Any CPU
		{0BCE4916-273F-4AA1-A7A3-2C50DC4F26A5}.Release|Any CPU.ActiveCfg = Release|Any CPU
		{0BCE4916-273F-4AA1-A7A3-2C50DC4F26A5}.Release|Any CPU.Build.0 = Release|Any CPU
	EndGlobalSection
	GlobalSection(SolutionProperties) = preSolution
		HideSolutionNode = FALSE
	EndGlobalSection
	GlobalSection(ExtensibilityGlobals) = postSolution
		SolutionGuid = {399D3474-BA3B-437D-9E8D-B565B7FE5F7F}
	EndGlobalSection
EndGlobal
